
Microsoft Visual Studio Solution File, Format Version 12.00
# Visual Studio 15
VisualStudioVersion = 15.0.26430.16
MinimumVisualStudioVersion = 10.0.40219.1
Project("{2150E333-8FDC-42A3-9474-1A3956D46DE8}") = "src", "src", "{ED8BC89D-7B3F-450B-8A27-BD880928813D}"
EndProject
Project("{2150E333-8FDC-42A3-9474-1A3956D46DE8}") = "test", "test", "{F2E4A07F-E4B7-40CA-BA0A-C8C206A64886}"
EndProject
Project("{9A19103F-16F7-4668-BE54-9A1E7A4F7556}") = "RailwayOrientedProgramming", "src\RailwayOrientedProgramming.csproj", "{09A4D897-8ADE-4505-B22F-87FCCAC9C347}"
EndProject
Project("{9A19103F-16F7-4668-BE54-9A1E7A4F7556}") = "RailwayOrientedProgrammingTests", "test\RailwayOrientedProgrammingTests.csproj", "{898FA082-B39C-4F17-AAB6-7A03545DA735}"
EndProject
Global
	GlobalSection(SolutionConfigurationPlatforms) = preSolution
		Debug|Any CPU = Debug|Any CPU
		Release|Any CPU = Release|Any CPU
	EndGlobalSection
	GlobalSection(ProjectConfigurationPlatforms) = postSolution
		{09A4D897-8ADE-4505-B22F-87FCCAC9C347}.Debug|Any CPU.ActiveCfg = Debug|Any CPU
		{09A4D897-8ADE-4505-B22F-87FCCAC9C347}.Debug|Any CPU.Build.0 = Debug|Any CPU
		{09A4D897-8ADE-4505-B22F-87FCCAC9C347}.Release|Any CPU.ActiveCfg = Release|Any CPU
		{09A4D897-8ADE-4505-B22F-87FCCAC9C347}.Release|Any CPU.Build.0 = Release|Any CPU
		{898FA082-B39C-4F17-AAB6-7A03545DA735}.Debug|Any CPU.ActiveCfg = Debug|Any CPU
		{898FA082-B39C-4F17-AAB6-7A03545DA735}.Debug|Any CPU.Build.0 = Debug|Any CPU
		{898FA082-B39C-4F17-AAB6-7A03545DA735}.Release|Any CPU.ActiveCfg = Release|Any CPU
		{898FA082-B39C-4F17-AAB6-7A03545DA735}.Release|Any CPU.Build.0 = Release|Any CPU
	EndGlobalSection
	GlobalSection(SolutionProperties) = preSolution
		HideSolutionNode = FALSE
	EndGlobalSection
	GlobalSection(NestedProjects) = preSolution
		{09A4D897-8ADE-4505-B22F-87FCCAC9C347} = {ED8BC89D-7B3F-450B-8A27-BD880928813D}
		{898FA082-B39C-4F17-AAB6-7A03545DA735} = {F2E4A07F-E4B7-40CA-BA0A-C8C206A64886}
	EndGlobalSection
	GlobalSection(ExtensibilityGlobals) = postSolution
		SolutionGuid = {F2696128-0A4C-4064-ACBE-810605939416}
	EndGlobalSection
EndGlobal
